dependencies:
  '@vue/compiler-core': 3.0.0-alpha.5
lockfileVersion: 5.1
packages:
  /@vue/compiler-core/3.0.0-alpha.5:
    dependencies:
      acorn: 7.1.0
      estree-walker: 0.8.1
      source-map: 0.6.1
    dev: false
    resolution:
      integrity: sha512-P+r/yi3tWZy7n/A2k0ykVVZheJEqfbgA4tXHkRDm0pESzms9LjmPE8qByJ8AZwjWZmA1sjJY448pIvzNTFfqAA==
  /acorn/7.1.0:
    dev: false
    engines:
      node: '>=0.4.0'
    hasBin: true
    resolution:
      integrity: sha512-kL5CuoXA/dgxlBbVrflsflzQ3PAas7RYZB52NOm/6839iVYJgKMJ3cQJD+t2i5+qFa8h3MDpEOJiS64E8JLnSQ==
  /estree-walker/0.8.1:
    dev: false
    resolution:
      integrity: sha512-H6cJORkqvrNziu0KX2hqOMAlA2CiuAxHeGJXSIoKA/KLv229Dw806J3II6mKTm5xiDX1At1EXCfsOQPB+tMB+g==
  /source-map/0.6.1:
    dev: false
    engines:
      node: '>=0.10.0'
    resolution:
      integrity: sha512-UjgapumWlbMhkBgzT7Ykc5YXUT46F0iKu8SGXq0bcwP5dz/h0Plj6enJqjz1Zbq2l5WaqYnrVbwWOWMyF3F47g==
specifiers:
  '@vue/compiler-core': ^3.0.0-alpha.5
